// !$*UTF8*$!
{
	archiveVersion = 1;
	classes = {
	};
	objectVersion = 46;
	objects = {

/* Begin PBXBuildFile section */
		8A058C7B1CE1DD4D00AB5096 /* CustomHeader.m in Sources */ = {isa = PBXBuildFile; fileRef = 8A058C7A1CE1DD4D00AB5096 /* CustomHeader.m */; };
		8A62D2141CE1FDED001C30E4 /* CustomFooter.m in Sources */ = {isa = PBXBuildFile; fileRef = 8A62D2131CE1FDED001C30E4 /* CustomFooter.m */; };
		8A8FD90B1CD89105001637D5 /* main.m in Sources */ = {isa = PBXBuildFile; fileRef = 8A8FD90A1CD89105001637D5 /* main.m */; };
		8A8FD90E1CD89105001637D5 /* AppDelegate.m in Sources */ = {isa = PBXBuildFile; fileRef = 8A8FD90D1CD89105001637D5 /* AppDelegate.m */; };
		8A8FD9141CD89105001637D5 /* Main.storyboard in Resources */ = {isa = PBXBuildFile; fileRef = 8A8FD9121CD89105001637D5 /* Main.storyboard */; };
		8A8FD9171CD89105001637D5 /* CoolTable.xcdatamodeld in Sources */ = {isa = PBXBuildFile; fileRef = 8A8FD9151CD89105001637D5 /* CoolTable.xcdatamodeld */; };
		8A8FD9191CD89105001637D5 /* Assets.xcassets in Resources */ = {isa = PBXBuildFile; fileRef = 8A8FD9181CD89105001637D5 /* Assets.xcassets */; };
		8A8FD91C1CD89105001637D5 /* LaunchScreen.storyboard in Resources */ = {isa = PBXBuildFile; fileRef = 8A8FD91A1CD89105001637D5 /* LaunchScreen.storyboard */; };
		8A8FD9251CD891E5001637D5 /* CoolTableViewController.m in Sources */ = {isa = PBXBuildFile; fileRef = 8A8FD9241CD891E5001637D5 /* CoolTableViewController.m */; };
		8A8FD9281CD8A043001637D5 /* CustomCellBackground.m in Sources */ = {isa = PBXBuildFile; fileRef = 8A8FD9271CD8A043001637D5 /* CustomCellBackground.m */; };
		8A8FD92B1CD8A93D001637D5 /* Common.m in Sources */ = {isa = PBXBuildFile; fileRef = 8A8FD92A1CD8A93D001637D5 /* Common.m */; };
/* End PBXBuildFile section */

/* Begin PBXFileReference section */
		8A058C791CE1DD4D00AB5096 /* CustomHeader.h */ = {isa = PBXFileReference; fileEncoding = 4; lastKnownFileType = sourcecode.c.h; path = CustomHeader.h; sourceTree = "<group>"; };
		8A058C7A1CE1DD4D00AB5096 /* CustomHeader.m */ = {isa = PBXFileReference; fileEncoding = 4; lastKnownFileType = sourcecode.c.objc; path = CustomHeader.m; sourceTree = "<group>"; };
		8A62D2121CE1FDED001C30E4 /* CustomFooter.h */ = {isa = PBXFileReference; fileEncoding = 4; lastKnownFileType = sourcecode.c.h; path = CustomFooter.h; sourceTree = "<group>"; };
		8A62D2131CE1FDED001C30E4 /* CustomFooter.m */ = {isa = PBXFileReference; fileEncoding = 4; lastKnownFileType = sourcecode.c.objc; path = CustomFooter.m; sourceTree = "<group>"; };
		8A8FD9061CD89105001637D5 /* CoolTable.app */ = {isa = PBXFileReference; explicitFileType = wrapper.application; includeInIndex = 0; path = CoolTable.app; sourceTree = BUILT_PRODUCTS_DIR; };
		8A8FD90A1CD89105001637D5 /* main.m */ = {isa = PBXFileReference; lastKnownFileType = sourcecode.c.objc; path = main.m; sourceTree = "<group>"; };
		8A8FD90C1CD89105001637D5 /* AppDelegate.h */ = {isa = PBXFileReference; lastKnownFileType = sourcecode.c.h; path = AppDelegate.h; sourceTree = "<group>"; };
		8A8FD90D1CD89105001637D5 /* AppDelegate.m */ = {isa = PBXFileReference; lastKnownFileType = sourcecode.c.objc; path = AppDelegate.m; sourceTree = "<group>"; };
		8A8FD9131CD89105001637D5 /* Base */ = {isa = PBXFileReference; lastKnownFileType = file.storyboard; name = Base; path = Base.lproj/Main.storyboard; sourceTree = "<group>"; };
		8A8FD9161CD89105001637D5 /* CoolTable.xcdatamodel */ = {isa = PBXFileReference; lastKnownFileType = wrapper.xcdatamodel; path = CoolTable.xcdatamodel; sourceTree = "<group>"; };
		8A8FD9181CD89105001637D5 /* Assets.xcassets */ = {isa = PBXFileReference; lastKnownFileType = folder.assetcatalog; path = Assets.xcassets; sourceTree = "<group>"; };
		8A8FD91B1CD89105001637D5 /* Base */ = {isa = PBXFileReference; lastKnownFileType = file.storyboard; name = Base; path = Base.lproj/LaunchScreen.storyboard; sourceTree = "<group>"; };
		8A8FD91D1CD89105001637D5 /* Info.plist */ = {isa = PBXFileReference; lastKnownFileType = text.plist.xml; path = Info.plist; sourceTree = "<group>"; };
		8A8FD9231CD891E5001637D5 /* CoolTableViewController.h */ = {isa = PBXFileReference; fileEncoding = 4; lastKnownFileType = sourcecode.c.h; path = CoolTableViewController.h; sourceTree = "<group>"; };
		8A8FD9241CD891E5001637D5 /* CoolTableViewController.m */ = {isa = PBXFileReference; fileEncoding = 4; lastKnownFileType = sourcecode.c.objc; path = CoolTableViewController.m; sourceTree = "<group>"; };
		8A8FD9261CD8A043001637D5 /* CustomCellBackground.h */ = {isa = PBXFileReference; fileEncoding = 4; lastKnownFileType = sourcecode.c.h; path = CustomCellBackground.h; sourceTree = "<group>"; };
		8A8FD9271CD8A043001637D5 /* CustomCellBackground.m */ = {isa = PBXFileReference; fileEncoding = 4; lastKnownFileType = sourcecode.c.objc; path = CustomCellBackground.m; sourceTree = "<group>"; };
		8A8FD9291CD8A93D001637D5 /* Common.h */ = {isa = PBXFileReference; fileEncoding = 4; lastKnownFileType = sourcecode.c.h; path = Common.h; sourceTree = "<group>"; };
		8A8FD92A1CD8A93D001637D5 /* Common.m */ = {isa = PBXFileReference; fileEncoding = 4; lastKnownFileType = sourcecode.c.objc; path = Common.m; sourceTree = "<group>"; };
/* End PBXFileReference section */

/* Begin PBXFrameworksBuildPhase section */
		8A8FD9031CD89105001637D5 /* Frameworks */ = {
			isa = PBXFrameworksBuildPhase;
			buildActionMask = 2147483647;
			files = (
			);
			runOnlyForDeploymentPostprocessing = 0;
		};
/* End PBXFrameworksBuildPhase section */

/* Begin PBXGroup section */
		8A8FD8FD1CD89105001637D5 = {
			isa = PBXGroup;
			children = (
				8A62D2121CE1FDED001C30E4 /* CustomFooter.h */,
				8A62D2131CE1FDED001C30E4 /* CustomFooter.m */,
				8A058C791CE1DD4D00AB5096 /* CustomHeader.h */,
				8A058C7A1CE1DD4D00AB5096 /* CustomHeader.m */,
				8A8FD9291CD8A93D001637D5 /* Common.h */,
				8A8FD92A1CD8A93D001637D5 /* Common.m */,
				8A8FD9261CD8A043001637D5 /* CustomCellBackground.h */,
				8A8FD9271CD8A043001637D5 /* CustomCellBackground.m */,
				8A8FD9231CD891E5001637D5 /* CoolTableViewController.h */,
				8A8FD9241CD891E5001637D5 /* CoolTableViewController.m */,
				8A8FD9081CD89105001637D5 /* CoolTable */,
				8A8FD9071CD89105001637D5 /* Products */,
			);
			sourceTree = "<group>";
		};
		8A8FD9071CD89105001637D5 /* Products */ = {
			isa = PBXGroup;
			children = (
				8A8FD9061CD89105001637D5 /* CoolTable.app */,
			);
			name = Products;
			sourceTree = "<group>";
		};
		8A8FD9081CD89105001637D5 /* CoolTable */ = {
			isa = PBXGroup;
			children = (
				8A8FD90C1CD89105001637D5 /* AppDelegate.h */,
				8A8FD90D1CD89105001637D5 /* AppDelegate.m */,
				8A8FD9121CD89105001637D5 /* Main.storyboard */,
				8A8FD9181CD89105001637D5 /* Assets.xcassets */,
				8A8FD91A1CD89105001637D5 /* LaunchScreen.storyboard */,
				8A8FD91D1CD89105001637D5 /* Info.plist */,
				8A8FD9151CD89105001637D5 /* CoolTable.xcdatamodeld */,
				8A8FD9091CD89105001637D5 /* Supporting Files */,
			);
			path = CoolTable;
			sourceTree = "<group>";
		};
		8A8FD9091CD89105001637D5 /* Supporting Files */ = {
			isa = PBXGroup;
			children = (
				8A8FD90A1CD89105001637D5 /* main.m */,
			);
			name = "Supporting Files";
			sourceTree = "<group>";
		};
/* End PBXGroup section */

/* Begin PBXNativeTarget section */
		8A8FD9051CD89105001637D5 /* CoolTable */ = {
			isa = PBXNativeTarget;
			buildConfigurationList = 8A8FD9201CD89105001637D5 /* Build configuration list for PBXNativeTarget "CoolTable" */;
			buildPhases = (
				8A8FD9021CD89105001637D5 /* Sources */,
				8A8FD9031CD89105001637D5 /* Frameworks */,
				8A8FD9041CD89105001637D5 /* Resources */,
			);
			buildRules = (
			);
			dependencies = (
			);
			name = CoolTable;
			productName = CoolTable;
			productReference = 8A8FD9061CD89105001637D5 /* CoolTable.app */;
			productType = "com.apple.product-type.application";
		};
/* End PBXNativeTarget section */

/* Begin PBXProject section */
		8A8FD8FE1CD89105001637D5 /* Project object */ = {
			isa = PBXProject;
			attributes = {
				LastUpgradeCheck = 0720;
				ORGANIZATIONNAME = "夏敏";
				TargetAttributes = {
					8A8FD9051CD89105001637D5 = {
						CreatedOnToolsVersion = 7.2.1;
						DevelopmentTeam = 6EQU26N74E;
					};
				};
			};
			buildConfigurationList = 8A8FD9011CD89105001637D5 /* Build configuration list for PBXProject "CoolTable" */;
			compatibilityVersion = "Xcode 3.2";
			developmentRegion = English;
			hasScannedForEncodings = 0;
			knownRegions = (
				en,
				Base,
			);
			mainGroup = 8A8FD8FD1CD89105001637D5;
			productRefGroup = 8A8FD9071CD89105001637D5 /* Products */;
			projectDirPath = "";
			projectRoot = "";
			targets = (
				8A8FD9051CD89105001637D5 /* CoolTable */,
			);
		};
/* End PBXProject section */

/* Begin PBXResourcesBuildPhase section */
		8A8FD9041CD89105001637D5 /* Resources */ = {
			isa = PBXResourcesBuildPhase;
			buildActionMask = 2147483647;
			files = (
				8A8FD91C1CD89105001637D5 /* LaunchScreen.storyboard in Resources */,
				8A8FD9191CD89105001637D5 /* Assets.xcassets in Resources */,
				8A8FD9141CD89105001637D5 /* Main.storyboard in Resources */,
			);
			runOnlyForDeploymentPostprocessing = 0;
		};
/* End PBXResourcesBuildPhase section */

/* Begin PBXSourcesBuildPhase section */
		8A8FD9021CD89105001637D5 /* Sources */ = {
			isa = PBXSourcesBuildPhase;
			buildActionMask = 2147483647;
			files = (
				8A8FD92B1CD8A93D001637D5 /* Common.m in Sources */,
				8A8FD9251CD891E5001637D5 /* CoolTableViewController.m in Sources */,
				8A8FD90E1CD89105001637D5 /* AppDelegate.m in Sources */,
				8A62D2141CE1FDED001C30E4 /* CustomFooter.m in Sources */,
				8A8FD90B1CD89105001637D5 /* main.m in Sources */,
				8A8FD9281CD8A043001637D5 /* CustomCellBackground.m in Sources */,
				8A058C7B1CE1DD4D00AB5096 /* CustomHeader.m in Sources */,
				8A8FD9171CD89105001637D5 /* CoolTable.xcdatamodeld in Sources */,
			);
			runOnlyForDeploymentPostprocessing = 0;
		};
/* End PBXSourcesBuildPhase section */

/* Begin PBXVariantGroup section */
		8A8FD9121CD89105001637D5 /* Main.storyboard */ = {
			isa = PBXVariantGroup;
			children = (
				8A8FD9131CD89105001637D5 /* Base */,
			);
			name = Main.storyboard;
			sourceTree = "<group>";
		};
		8A8FD91A1CD89105001637D5 /* LaunchScreen.storyboard */ = {
			isa = PBXVariantGroup;
			children = (
				8A8FD91B1CD89105001637D5 /* Base */,
			);
			name = LaunchScreen.storyboard;
			sourceTree = "<group>";
		};
/* End PBXVariantGroup section */

/* Begin XCBuildConfiguration section */
		8A8FD91E1CD89105001637D5 /* Debug */ = {
			isa = XCBuildConfiguration;
			buildSettings = {
				ALWAYS_SEARCH_USER_PATHS = NO;
				CLANG_CXX_LANGUAGE_STANDARD = "gnu++0x";
				CLANG_CXX_LIBRARY = "libc++";
				CLANG_ENABLE_MODULES = YES;
				CLANG_ENABLE_OBJC_ARC = YES;
				CLANG_WARN_BOOL_CONVERSION = YES;
				CLANG_WARN_CONSTANT_CONVERSION = YES;
				CLANG_WARN_DIRECT_OBJC_ISA_USAGE = YES_ERROR;
				CLANG_WARN_EMPTY_BODY = YES;
				CLANG_WARN_ENUM_CONVERSION = YES;
				CLANG_WARN_INT_CONVERSION = YES;
				CLANG_WARN_OBJC_ROOT_CLASS = YES_ERROR;
				CLANG_WARN_UNREACHABLE_CODE = YES;
				CLANG_WARN__DUPLICATE_METHOD_MATCH = YES;
				"CODE_SIGN_IDENTITY[sdk=iphoneos*]" = "iPhone Developer";
				COPY_PHASE_STRIP = NO;
				DEBUG_INFORMATION_FORMAT = dwarf;
				ENABLE_STRICT_OBJC_MSGSEND = YES;
				ENABLE_TESTABILITY = YES;
				GCC_C_LANGUAGE_STANDARD = gnu99;
				GCC_DYNAMIC_NO_PIC = NO;
				GCC_NO_COMMON_BLOCKS = YES;
				GCC_OPTIMIZATION_LEVEL = 0;
				GCC_PREPROCESSOR_DEFINITIONS = (
					"DEBUG=1",
					"$(inherited)",
				);
				GCC_WARN_64_TO_32_BIT_CONVERSION = YES;
				GCC_WARN_ABOUT_RETURN_TYPE = YES_ERROR;
				GCC_WARN_UNDECLARED_SELECTOR = YES;
				GCC_WARN_UNINITIALIZED_AUTOS = YES_AGGRESSIVE;
				GCC_WARN_UNUSED_FUNCTION = YES;
				GCC_WARN_UNUSED_VARIABLE = YES;
				IPHONEOS_DEPLOYMENT_TARGET = 9.2;
				MTL_ENABLE_DEBUG_INFO = YES;
				ONLY_ACTIVE_ARCH = YES;
				SDKROOT = iphoneos;
			};
			name = Debug;
		};
		8A8FD91F1CD89105001637D5 /* Release */ = {
			isa = XCBuildConfiguration;
			buildSettings = {
				ALWAYS_SEARCH_USER_PATHS = NO;
				CLANG_CXX_LANGUAGE_STANDARD = "gnu++0x";
				CLANG_CXX_LIBRARY = "libc++";
				CLANG_ENABLE_MODULES = YES;
				CLANG_ENABLE_OBJC_ARC = YES;
				CLANG_WARN_BOOL_CONVERSION = YES;
				CLANG_WARN_CONSTANT_CONVERSION = YES;
				CLANG_WARN_DIRECT_OBJC_ISA_USAGE = YES_ERROR;
				CLANG_WARN_EMPTY_BODY = YES;
				CLANG_WARN_ENUM_CONVERSION = YES;
				CLANG_WARN_INT_CONVERSION = YES;
				CLANG_WARN_OBJC_ROOT_CLASS = YES_ERROR;
				CLANG_WARN_UNREACHABLE_CODE = YES;
				CLANG_WARN__DUPLICATE_METHOD_MATCH = YES;
				"CODE_SIGN_IDENTITY[sdk=iphoneos*]" = "iPhone Developer";
				COPY_PHASE_STRIP = NO;
				DEBUG_INFORMATION_FORMAT = "dwarf-with-dsym";
				ENABLE_NS_ASSERTIONS = NO;
				ENABLE_STRICT_OBJC_MSGSEND = YES;
				GCC_C_LANGUAGE_STANDARD = gnu99;
				GCC_NO_COMMON_BLOCKS = YES;
				GCC_WARN_64_TO_32_BIT_CONVERSION = YES;
				GCC_WARN_ABOUT_RETURN_TYPE = YES_ERROR;
				GCC_WARN_UNDECLARED_SELECTOR = YES;
				GCC_WARN_UNINITIALIZED_AUTOS = YES_AGGRESSIVE;
				GCC_WARN_UNUSED_FUNCTION = YES;
				GCC_WARN_UNUSED_VARIABLE = YES;
				IPHONEOS_DEPLOYMENT_TARGET = 9.2;
				MTL_ENABLE_DEBUG_INFO = NO;
				SDKROOT = iphoneos;
				VALIDATE_PRODUCT = YES;
			};
			name = Release;
		};
		8A8FD9211CD89105001637D5 /* Debug */ = {
			isa = XCBuildConfiguration;
			buildSettings = {
				ASSETCATALOG_COMPILER_APPICON_NAME = AppIcon;
				INFOPLIST_FILE = CoolTable/Info.plist;
				LD_RUNPATH_SEARCH_PATHS = "$(inherited) @executable_path/Frameworks";
				PRODUCT_BUNDLE_IDENTIFIER = com.mishi.CoolTable;
				PRODUCT_NAME = "$(TARGET_NAME)";
			};
			name = Debug;
		};
		8A8FD9221CD89105001637D5 /* Release */ = {
			isa = XCBuildConfiguration;
			buildSettings = {
				ASSETCATALOG_COMPILER_APPICON_NAME = AppIcon;
				INFOPLIST_FILE = CoolTable/Info.plist;
				LD_RUNPATH_SEARCH_PATHS = "$(inherited) @executable_path/Frameworks";
				PRODUCT_BUNDLE_IDENTIFIER = com.mishi.CoolTable;
				PRODUCT_NAME = "$(TARGET_NAME)";
			};
			name = Release;
		};
/* End XCBuildConfiguration section */

/* Begin XCConfigurationList section */
		8A8FD9011CD89105001637D5 /* Build configuration list for PBXProject "CoolTable" */ = {
			isa = XCConfigurationList;
			buildConfigurations = (
				8A8FD91E1CD89105001637D5 /* Debug */,
				8A8FD91F1CD89105001637D5 /* Release */,
			);
			defaultConfigurationIsVisible = 0;
			defaultConfigurationName = Release;
		};
		8A8FD9201CD89105001637D5 /* Build configuration list for PBXNativeTarget "CoolTable" */ = {
			isa = XCConfigurationList;
			buildConfigurations = (
				8A8FD9211CD89105001637D5 /* Debug */,
				8A8FD9221CD89105001637D5 /* Release */,
			);
			defaultConfigurationIsVisible = 0;
			defaultConfigurationName = Release;
		};
/* End XCConfigurationList section */

/* Begin XCVersionGroup section */
		8A8FD9151CD89105001637D5 /* CoolTable.xcdatamodeld */ = {
			isa = XCVersionGroup;
			children = (
				8A8FD9161CD89105001637D5 /* CoolTable.xcdatamodel */,
			);
			currentVersion = 8A8FD9161CD89105001637D5 /* CoolTable.xcdatamodel */;
			path = CoolTable.xcdatamodeld;
			sourceTree = "<group>";
			versionGroupType = wrapper.xcdatamodel;
		};
/* End XCVersionGroup section */
	};
	rootObject = 8A8FD8FE1CD89105001637D5 /* Project object */;
}
