// !$*UTF8*$!
{
	archiveVersion = 1;
	classes = {
	};
	objectVersion = 46;
	objects = {

/* Begin PBXBuildFile section */
		8AD4602A1C9BDE5800074923 /* main.m in Sources */ = {isa = PBXBuildFile; fileRef = 8AD460291C9BDE5800074923 /* main.m */; };
		8AD4602D1C9BDE5800074923 /* AppDelegate.m in Sources */ = {isa = PBXBuildFile; fileRef = 8AD4602C1C9BDE5800074923 /* AppDelegate.m */; };
		8AD460301C9BDE5800074923 /* ViewController.m in Sources */ = {isa = PBXBuildFile; fileRef = 8AD4602F1C9BDE5800074923 /* ViewController.m */; };
		8AD460331C9BDE5800074923 /* Main.storyboard in Resources */ = {isa = PBXBuildFile; fileRef = 8AD460311C9BDE5800074923 /* Main.storyboard */; };
		8AD460361C9BDE5800074923 /* MonkeyPinch.xcdatamodeld in Sources */ = {isa = PBXBuildFile; fileRef = 8AD460341C9BDE5800074923 /* MonkeyPinch.xcdatamodeld */; };
		8AD460381C9BDE5800074923 /* Assets.xcassets in Resources */ = {isa = PBXBuildFile; fileRef = 8AD460371C9BDE5800074923 /* Assets.xcassets */; };
		8AD4603B1C9BDE5800074923 /* LaunchScreen.storyboard in Resources */ = {isa = PBXBuildFile; fileRef = 8AD460391C9BDE5800074923 /* LaunchScreen.storyboard */; };
		8AD460431C9DA86800074923 /* AVFoundation.framework in Frameworks */ = {isa = PBXBuildFile; fileRef = 8AD460421C9DA86700074923 /* AVFoundation.framework */; };
		8AD460451C9E5A5100074923 /* chomp.wav in Resources */ = {isa = PBXBuildFile; fileRef = 8AD460441C9E5A5100074923 /* chomp.wav */; };
		8AD460471C9E5A5E00074923 /* hehehe1.wav in Resources */ = {isa = PBXBuildFile; fileRef = 8AD460461C9E5A5E00074923 /* hehehe1.wav */; };
		8AD4604A1C9E669B00074923 /* TickleGestureRecognizer.m in Sources */ = {isa = PBXBuildFile; fileRef = 8AD460491C9E669B00074923 /* TickleGestureRecognizer.m */; };
/* End PBXBuildFile section */

/* Begin PBXFileReference section */
		8AD460251C9BDE5800074923 /* MonkeyPinch.app */ = {isa = PBXFileReference; explicitFileType = wrapper.application; includeInIndex = 0; path = MonkeyPinch.app; sourceTree = BUILT_PRODUCTS_DIR; };
		8AD460291C9BDE5800074923 /* main.m */ = {isa = PBXFileReference; lastKnownFileType = sourcecode.c.objc; path = main.m; sourceTree = "<group>"; };
		8AD4602B1C9BDE5800074923 /* AppDelegate.h */ = {isa = PBXFileReference; lastKnownFileType = sourcecode.c.h; path = AppDelegate.h; sourceTree = "<group>"; };
		8AD4602C1C9BDE5800074923 /* AppDelegate.m */ = {isa = PBXFileReference; lastKnownFileType = sourcecode.c.objc; path = AppDelegate.m; sourceTree = "<group>"; };
		8AD4602E1C9BDE5800074923 /* ViewController.h */ = {isa = PBXFileReference; lastKnownFileType = sourcecode.c.h; path = ViewController.h; sourceTree = "<group>"; };
		8AD4602F1C9BDE5800074923 /* ViewController.m */ = {isa = PBXFileReference; lastKnownFileType = sourcecode.c.objc; path = ViewController.m; sourceTree = "<group>"; };
		8AD460321C9BDE5800074923 /* Base */ = {isa = PBXFileReference; lastKnownFileType = file.storyboard; name = Base; path = Base.lproj/Main.storyboard; sourceTree = "<group>"; };
		8AD460351C9BDE5800074923 /* MonkeyPinch.xcdatamodel */ = {isa = PBXFileReference; lastKnownFileType = wrapper.xcdatamodel; path = MonkeyPinch.xcdatamodel; sourceTree = "<group>"; };
		8AD460371C9BDE5800074923 /* Assets.xcassets */ = {isa = PBXFileReference; lastKnownFileType = folder.assetcatalog; path = Assets.xcassets; sourceTree = "<group>"; };
		8AD4603A1C9BDE5800074923 /* Base */ = {isa = PBXFileReference; lastKnownFileType = file.storyboard; name = Base; path = Base.lproj/LaunchScreen.storyboard; sourceTree = "<group>"; };
		8AD4603C1C9BDE5800074923 /* Info.plist */ = {isa = PBXFileReference; lastKnownFileType = text.plist.xml; path = Info.plist; sourceTree = "<group>"; };
		8AD460421C9DA86700074923 /* AVFoundation.framework */ = {isa = PBXFileReference; lastKnownFileType = wrapper.framework; name = AVFoundation.framework; path = System/Library/Frameworks/AVFoundation.framework; sourceTree = SDKROOT; };
		8AD460441C9E5A5100074923 /* chomp.wav */ = {isa = PBXFileReference; lastKnownFileType = audio.wav; path = chomp.wav; sourceTree = "<group>"; };
		8AD460461C9E5A5E00074923 /* hehehe1.wav */ = {isa = PBXFileReference; lastKnownFileType = audio.wav; path = hehehe1.wav; sourceTree = "<group>"; };
		8AD460481C9E669B00074923 /* TickleGestureRecognizer.h */ = {isa = PBXFileReference; fileEncoding = 4; lastKnownFileType = sourcecode.c.h; path = TickleGestureRecognizer.h; sourceTree = "<group>"; };
		8AD460491C9E669B00074923 /* TickleGestureRecognizer.m */ = {isa = PBXFileReference; fileEncoding = 4; lastKnownFileType = sourcecode.c.objc; path = TickleGestureRecognizer.m; sourceTree = "<group>"; };
/* End PBXFileReference section */

/* Begin PBXFrameworksBuildPhase section */
		8AD460221C9BDE5800074923 /* Frameworks */ = {
			isa = PBXFrameworksBuildPhase;
			buildActionMask = 2147483647;
			files = (
				8AD460431C9DA86800074923 /* AVFoundation.framework in Frameworks */,
			);
			runOnlyForDeploymentPostprocessing = 0;
		};
/* End PBXFrameworksBuildPhase section */

/* Begin PBXGroup section */
		8AD4601C1C9BDE5800074923 = {
			isa = PBXGroup;
			children = (
				8AD460481C9E669B00074923 /* TickleGestureRecognizer.h */,
				8AD460491C9E669B00074923 /* TickleGestureRecognizer.m */,
				8AD460421C9DA86700074923 /* AVFoundation.framework */,
				8AD460271C9BDE5800074923 /* MonkeyPinch */,
				8AD460261C9BDE5800074923 /* Products */,
			);
			sourceTree = "<group>";
		};
		8AD460261C9BDE5800074923 /* Products */ = {
			isa = PBXGroup;
			children = (
				8AD460251C9BDE5800074923 /* MonkeyPinch.app */,
			);
			name = Products;
			sourceTree = "<group>";
		};
		8AD460271C9BDE5800074923 /* MonkeyPinch */ = {
			isa = PBXGroup;
			children = (
				8AD4602B1C9BDE5800074923 /* AppDelegate.h */,
				8AD4602C1C9BDE5800074923 /* AppDelegate.m */,
				8AD4602E1C9BDE5800074923 /* ViewController.h */,
				8AD4602F1C9BDE5800074923 /* ViewController.m */,
				8AD460311C9BDE5800074923 /* Main.storyboard */,
				8AD460371C9BDE5800074923 /* Assets.xcassets */,
				8AD460391C9BDE5800074923 /* LaunchScreen.storyboard */,
				8AD4603C1C9BDE5800074923 /* Info.plist */,
				8AD460341C9BDE5800074923 /* MonkeyPinch.xcdatamodeld */,
				8AD460281C9BDE5800074923 /* Supporting Files */,
			);
			path = MonkeyPinch;
			sourceTree = "<group>";
		};
		8AD460281C9BDE5800074923 /* Supporting Files */ = {
			isa = PBXGroup;
			children = (
				8AD460461C9E5A5E00074923 /* hehehe1.wav */,
				8AD460441C9E5A5100074923 /* chomp.wav */,
				8AD460291C9BDE5800074923 /* main.m */,
			);
			name = "Supporting Files";
			sourceTree = "<group>";
		};
/* End PBXGroup section */

/* Begin PBXNativeTarget section */
		8AD460241C9BDE5800074923 /* MonkeyPinch */ = {
			isa = PBXNativeTarget;
			buildConfigurationList = 8AD4603F1C9BDE5800074923 /* Build configuration list for PBXNativeTarget "MonkeyPinch" */;
			buildPhases = (
				8AD460211C9BDE5800074923 /* Sources */,
				8AD460221C9BDE5800074923 /* Frameworks */,
				8AD460231C9BDE5800074923 /* Resources */,
			);
			buildRules = (
			);
			dependencies = (
			);
			name = MonkeyPinch;
			productName = MonkeyPinch;
			productReference = 8AD460251C9BDE5800074923 /* MonkeyPinch.app */;
			productType = "com.apple.product-type.application";
		};
/* End PBXNativeTarget section */

/* Begin PBXProject section */
		8AD4601D1C9BDE5800074923 /* Project object */ = {
			isa = PBXProject;
			attributes = {
				LastUpgradeCheck = 0720;
				ORGANIZATIONNAME = "夏敏";
				TargetAttributes = {
					8AD460241C9BDE5800074923 = {
						CreatedOnToolsVersion = 7.2.1;
						DevelopmentTeam = 6EQU26N74E;
					};
				};
			};
			buildConfigurationList = 8AD460201C9BDE5800074923 /* Build configuration list for PBXProject "MonkeyPinch" */;
			compatibilityVersion = "Xcode 3.2";
			developmentRegion = English;
			hasScannedForEncodings = 0;
			knownRegions = (
				en,
				Base,
			);
			mainGroup = 8AD4601C1C9BDE5800074923;
			productRefGroup = 8AD460261C9BDE5800074923 /* Products */;
			projectDirPath = "";
			projectRoot = "";
			targets = (
				8AD460241C9BDE5800074923 /* MonkeyPinch */,
			);
		};
/* End PBXProject section */

/* Begin PBXResourcesBuildPhase section */
		8AD460231C9BDE5800074923 /* Resources */ = {
			isa = PBXResourcesBuildPhase;
			buildActionMask = 2147483647;
			files = (
				8AD460451C9E5A5100074923 /* chomp.wav in Resources */,
				8AD4603B1C9BDE5800074923 /* LaunchScreen.storyboard in Resources */,
				8AD460381C9BDE5800074923 /* Assets.xcassets in Resources */,
				8AD460331C9BDE5800074923 /* Main.storyboard in Resources */,
				8AD460471C9E5A5E00074923 /* hehehe1.wav in Resources */,
			);
			runOnlyForDeploymentPostprocessing = 0;
		};
/* End PBXResourcesBuildPhase section */

/* Begin PBXSourcesBuildPhase section */
		8AD460211C9BDE5800074923 /* Sources */ = {
			isa = PBXSourcesBuildPhase;
			buildActionMask = 2147483647;
			files = (
				8AD460301C9BDE5800074923 /* ViewController.m in Sources */,
				8AD460361C9BDE5800074923 /* MonkeyPinch.xcdatamodeld in Sources */,
				8AD4604A1C9E669B00074923 /* TickleGestureRecognizer.m in Sources */,
				8AD4602D1C9BDE5800074923 /* AppDelegate.m in Sources */,
				8AD4602A1C9BDE5800074923 /* main.m in Sources */,
			);
			runOnlyForDeploymentPostprocessing = 0;
		};
/* End PBXSourcesBuildPhase section */

/* Begin PBXVariantGroup section */
		8AD460311C9BDE5800074923 /* Main.storyboard */ = {
			isa = PBXVariantGroup;
			children = (
				8AD460321C9BDE5800074923 /* Base */,
			);
			name = Main.storyboard;
			sourceTree = "<group>";
		};
		8AD460391C9BDE5800074923 /* LaunchScreen.storyboard */ = {
			isa = PBXVariantGroup;
			children = (
				8AD4603A1C9BDE5800074923 /* Base */,
			);
			name = LaunchScreen.storyboard;
			sourceTree = "<group>";
		};
/* End PBXVariantGroup section */

/* Begin XCBuildConfiguration section */
		8AD4603D1C9BDE5800074923 /* Debug */ = {
			isa = XCBuildConfiguration;
			buildSettings = {
				ALWAYS_SEARCH_USER_PATHS = NO;
				CLANG_CXX_LANGUAGE_STANDARD = "gnu++0x";
				CLANG_CXX_LIBRARY = "libc++";
				CLANG_ENABLE_MODULES = YES;
				CLANG_ENABLE_OBJC_ARC = YES;
				CLANG_WARN_BOOL_CONVERSION = YES;
				CLANG_WARN_CONSTANT_CONVERSION = YES;
				CLANG_WARN_DIRECT_OBJC_ISA_USAGE = YES_ERROR;
				CLANG_WARN_EMPTY_BODY = YES;
				CLANG_WARN_ENUM_CONVERSION = YES;
				CLANG_WARN_INT_CONVERSION = YES;
				CLANG_WARN_OBJC_ROOT_CLASS = YES_ERROR;
				CLANG_WARN_UNREACHABLE_CODE = YES;
				CLANG_WARN__DUPLICATE_METHOD_MATCH = YES;
				CODE_SIGN_IDENTITY = "iPhone Developer: maojian fu (UCB7WMMUAC)";
				"CODE_SIGN_IDENTITY[sdk=iphoneos*]" = "iPhone Developer: maojian fu (UCB7WMMUAC)";
				COPY_PHASE_STRIP = NO;
				DEBUG_INFORMATION_FORMAT = dwarf;
				ENABLE_STRICT_OBJC_MSGSEND = YES;
				ENABLE_TESTABILITY = YES;
				GCC_C_LANGUAGE_STANDARD = gnu99;
				GCC_DYNAMIC_NO_PIC = NO;
				GCC_NO_COMMON_BLOCKS = YES;
				GCC_OPTIMIZATION_LEVEL = 0;
				GCC_PREPROCESSOR_DEFINITIONS = (
					"DEBUG=1",
					"$(inherited)",
				);
				GCC_WARN_64_TO_32_BIT_CONVERSION = YES;
				GCC_WARN_ABOUT_RETURN_TYPE = YES_ERROR;
				GCC_WARN_UNDECLARED_SELECTOR = YES;
				GCC_WARN_UNINITIALIZED_AUTOS = YES_AGGRESSIVE;
				GCC_WARN_UNUSED_FUNCTION = YES;
				GCC_WARN_UNUSED_VARIABLE = YES;
				IPHONEOS_DEPLOYMENT_TARGET = 9.2;
				MTL_ENABLE_DEBUG_INFO = YES;
				ONLY_ACTIVE_ARCH = YES;
				PROVISIONING_PROFILE = "a5cf9abb-bc2d-43b4-ac2b-f62871323ea0";
				SDKROOT = iphoneos;
			};
			name = Debug;
		};
		8AD4603E1C9BDE5800074923 /* Release */ = {
			isa = XCBuildConfiguration;
			buildSettings = {
				ALWAYS_SEARCH_USER_PATHS = NO;
				CLANG_CXX_LANGUAGE_STANDARD = "gnu++0x";
				CLANG_CXX_LIBRARY = "libc++";
				CLANG_ENABLE_MODULES = YES;
				CLANG_ENABLE_OBJC_ARC = YES;
				CLANG_WARN_BOOL_CONVERSION = YES;
				CLANG_WARN_CONSTANT_CONVERSION = YES;
				CLANG_WARN_DIRECT_OBJC_ISA_USAGE = YES_ERROR;
				CLANG_WARN_EMPTY_BODY = YES;
				CLANG_WARN_ENUM_CONVERSION = YES;
				CLANG_WARN_INT_CONVERSION = YES;
				CLANG_WARN_OBJC_ROOT_CLASS = YES_ERROR;
				CLANG_WARN_UNREACHABLE_CODE = YES;
				CLANG_WARN__DUPLICATE_METHOD_MATCH = YES;
				"CODE_SIGN_IDENTITY[sdk=iphoneos*]" = "iPhone Developer";
				COPY_PHASE_STRIP = NO;
				DEBUG_INFORMATION_FORMAT = "dwarf-with-dsym";
				ENABLE_NS_ASSERTIONS = NO;
				ENABLE_STRICT_OBJC_MSGSEND = YES;
				GCC_C_LANGUAGE_STANDARD = gnu99;
				GCC_NO_COMMON_BLOCKS = YES;
				GCC_WARN_64_TO_32_BIT_CONVERSION = YES;
				GCC_WARN_ABOUT_RETURN_TYPE = YES_ERROR;
				GCC_WARN_UNDECLARED_SELECTOR = YES;
				GCC_WARN_UNINITIALIZED_AUTOS = YES_AGGRESSIVE;
				GCC_WARN_UNUSED_FUNCTION = YES;
				GCC_WARN_UNUSED_VARIABLE = YES;
				IPHONEOS_DEPLOYMENT_TARGET = 9.2;
				MTL_ENABLE_DEBUG_INFO = NO;
				PROVISIONING_PROFILE = "a5cf9abb-bc2d-43b4-ac2b-f62871323ea0";
				SDKROOT = iphoneos;
				VALIDATE_PRODUCT = YES;
			};
			name = Release;
		};
		8AD460401C9BDE5800074923 /* Debug */ = {
			isa = XCBuildConfiguration;
			buildSettings = {
				ASSETCATALOG_COMPILER_APPICON_NAME = AppIcon;
				CODE_SIGN_IDENTITY = "iPhone Developer: maojian fu (UCB7WMMUAC)";
				INFOPLIST_FILE = MonkeyPinch/Info.plist;
				LD_RUNPATH_SEARCH_PATHS = "$(inherited) @executable_path/Frameworks";
				PRODUCT_BUNDLE_IDENTIFIER = com.mishi.ios.mainapp.appstore;
				PRODUCT_NAME = "$(TARGET_NAME)";
				PROVISIONING_PROFILE = "a5cf9abb-bc2d-43b4-ac2b-f62871323ea0";
			};
			name = Debug;
		};
		8AD460411C9BDE5800074923 /* Release */ = {
			isa = XCBuildConfiguration;
			buildSettings = {
				ASSETCATALOG_COMPILER_APPICON_NAME = AppIcon;
				INFOPLIST_FILE = MonkeyPinch/Info.plist;
				LD_RUNPATH_SEARCH_PATHS = "$(inherited) @executable_path/Frameworks";
				PRODUCT_BUNDLE_IDENTIFIER = com.mishi.ios.mainapp.appstore;
				PRODUCT_NAME = "$(TARGET_NAME)";
				PROVISIONING_PROFILE = "a5cf9abb-bc2d-43b4-ac2b-f62871323ea0";
			};
			name = Release;
		};
/* End XCBuildConfiguration section */

/* Begin XCConfigurationList section */
		8AD460201C9BDE5800074923 /* Build configuration list for PBXProject "MonkeyPinch" */ = {
			isa = XCConfigurationList;
			buildConfigurations = (
				8AD4603D1C9BDE5800074923 /* Debug */,
				8AD4603E1C9BDE5800074923 /* Release */,
			);
			defaultConfigurationIsVisible = 0;
			defaultConfigurationName = Release;
		};
		8AD4603F1C9BDE5800074923 /* Build configuration list for PBXNativeTarget "MonkeyPinch" */ = {
			isa = XCConfigurationList;
			buildConfigurations = (
				8AD460401C9BDE5800074923 /* Debug */,
				8AD460411C9BDE5800074923 /* Release */,
			);
			defaultConfigurationIsVisible = 0;
		};
/* End XCConfigurationList section */

/* Begin XCVersionGroup section */
		8AD460341C9BDE5800074923 /* MonkeyPinch.xcdatamodeld */ = {
			isa = XCVersionGroup;
			children = (
				8AD460351C9BDE5800074923 /* MonkeyPinch.xcdatamodel */,
			);
			currentVersion = 8AD460351C9BDE5800074923 /* MonkeyPinch.xcdatamodel */;
			path = MonkeyPinch.xcdatamodeld;
			sourceTree = "<group>";
			versionGroupType = wrapper.xcdatamodel;
		};
/* End XCVersionGroup section */
	};
	rootObject = 8AD4601D1C9BDE5800074923 /* Project object */;
}
