// !$*UTF8*$!
{
	archiveVersion = 1;
	classes = {
	};
	objectVersion = 46;
	objects = {

/* Begin PBXBuildFile section */
		8A4E323C1BA009450087F0E9 /* main.m in Sources */ = {isa = PBXBuildFile; fileRef = 8A4E323B1BA009450087F0E9 /* main.m */; };
		8A4E323F1BA009450087F0E9 /* AppDelegate.m in Sources */ = {isa = PBXBuildFile; fileRef = 8A4E323E1BA009450087F0E9 /* AppDelegate.m */; };
		8A4E32421BA009450087F0E9 /* Pohr_Test.xcdatamodeld in Sources */ = {isa = PBXBuildFile; fileRef = 8A4E32401BA009450087F0E9 /* Pohr_Test.xcdatamodeld */; };
		8A4E32451BA009450087F0E9 /* MasterViewController.m in Sources */ = {isa = PBXBuildFile; fileRef = 8A4E32441BA009450087F0E9 /* MasterViewController.m */; };
		8A4E32481BA009450087F0E9 /* DetailViewController.m in Sources */ = {isa = PBXBuildFile; fileRef = 8A4E32471BA009450087F0E9 /* DetailViewController.m */; };
		8A4E324B1BA009450087F0E9 /* Main.storyboard in Resources */ = {isa = PBXBuildFile; fileRef = 8A4E32491BA009450087F0E9 /* Main.storyboard */; };
		8A4E324D1BA009450087F0E9 /* Images.xcassets in Resources */ = {isa = PBXBuildFile; fileRef = 8A4E324C1BA009450087F0E9 /* Images.xcassets */; };
		8A4E32501BA009450087F0E9 /* LaunchScreen.xib in Resources */ = {isa = PBXBuildFile; fileRef = 8A4E324E1BA009450087F0E9 /* LaunchScreen.xib */; };
		8A4E325C1BA009450087F0E9 /* Pohr_TestTests.m in Sources */ = {isa = PBXBuildFile; fileRef = 8A4E325B1BA009450087F0E9 /* Pohr_TestTests.m */; };
/* End PBXBuildFile section */

/* Begin PBXContainerItemProxy section */
		8A4E32561BA009450087F0E9 /* PBXContainerItemProxy */ = {
			isa = PBXContainerItemProxy;
			containerPortal = 8A4E322E1BA009450087F0E9 /* Project object */;
			proxyType = 1;
			remoteGlobalIDString = 8A4E32351BA009450087F0E9;
			remoteInfo = Pohr_Test;
		};
/* End PBXContainerItemProxy section */

/* Begin PBXFileReference section */
		8A4E32361BA009450087F0E9 /* Pohr_Test.app */ = {isa = PBXFileReference; explicitFileType = wrapper.application; includeInIndex = 0; path = Pohr_Test.app; sourceTree = BUILT_PRODUCTS_DIR; };
		8A4E323A1BA009450087F0E9 /* Info.plist */ = {isa = PBXFileReference; lastKnownFileType = text.plist.xml; path = Info.plist; sourceTree = "<group>"; };
		8A4E323B1BA009450087F0E9 /* main.m */ = {isa = PBXFileReference; lastKnownFileType = sourcecode.c.objc; path = main.m; sourceTree = "<group>"; };
		8A4E323D1BA009450087F0E9 /* AppDelegate.h */ = {isa = PBXFileReference; lastKnownFileType = sourcecode.c.h; path = AppDelegate.h; sourceTree = "<group>"; };
		8A4E323E1BA009450087F0E9 /* AppDelegate.m */ = {isa = PBXFileReference; lastKnownFileType = sourcecode.c.objc; path = AppDelegate.m; sourceTree = "<group>"; };
		8A4E32411BA009450087F0E9 /* Pohr_Test.xcdatamodel */ = {isa = PBXFileReference; lastKnownFileType = wrapper.xcdatamodel; path = Pohr_Test.xcdatamodel; sourceTree = "<group>"; };
		8A4E32431BA009450087F0E9 /* MasterViewController.h */ = {isa = PBXFileReference; lastKnownFileType = sourcecode.c.h; path = MasterViewController.h; sourceTree = "<group>"; };
		8A4E32441BA009450087F0E9 /* MasterViewController.m */ = {isa = PBXFileReference; lastKnownFileType = sourcecode.c.objc; path = MasterViewController.m; sourceTree = "<group>"; };
		8A4E32461BA009450087F0E9 /* DetailViewController.h */ = {isa = PBXFileReference; lastKnownFileType = sourcecode.c.h; path = DetailViewController.h; sourceTree = "<group>"; };
		8A4E32471BA009450087F0E9 /* DetailViewController.m */ = {isa = PBXFileReference; lastKnownFileType = sourcecode.c.objc; path = DetailViewController.m; sourceTree = "<group>"; };
		8A4E324A1BA009450087F0E9 /* Base */ = {isa = PBXFileReference; lastKnownFileType = file.storyboard; name = Base; path = Base.lproj/Main.storyboard; sourceTree = "<group>"; };
		8A4E324C1BA009450087F0E9 /* Images.xcassets */ = {isa = PBXFileReference; lastKnownFileType = folder.assetcatalog; path = Images.xcassets; sourceTree = "<group>"; };
		8A4E324F1BA009450087F0E9 /* Base */ = {isa = PBXFileReference; lastKnownFileType = file.xib; name = Base; path = Base.lproj/LaunchScreen.xib; sourceTree = "<group>"; };
		8A4E32551BA009450087F0E9 /* Pohr_TestTests.xctest */ = {isa = PBXFileReference; explicitFileType = wrapper.cfbundle; includeInIndex = 0; path = Pohr_TestTests.xctest; sourceTree = BUILT_PRODUCTS_DIR; };
		8A4E325A1BA009450087F0E9 /* Info.plist */ = {isa = PBXFileReference; lastKnownFileType = text.plist.xml; path = Info.plist; sourceTree = "<group>"; };
		8A4E325B1BA009450087F0E9 /* Pohr_TestTests.m */ = {isa = PBXFileReference; lastKnownFileType = sourcecode.c.objc; path = Pohr_TestTests.m; sourceTree = "<group>"; };
/* End PBXFileReference section */

/* Begin PBXFrameworksBuildPhase section */
		8A4E32331BA009450087F0E9 /* Frameworks */ = {
			isa = PBXFrameworksBuildPhase;
			buildActionMask = 2147483647;
			files = (
			);
			runOnlyForDeploymentPostprocessing = 0;
		};
		8A4E32521BA009450087F0E9 /* Frameworks */ = {
			isa = PBXFrameworksBuildPhase;
			buildActionMask = 2147483647;
			files = (
			);
			runOnlyForDeploymentPostprocessing = 0;
		};
/* End PBXFrameworksBuildPhase section */

/* Begin PBXGroup section */
		8A4E322D1BA009450087F0E9 = {
			isa = PBXGroup;
			children = (
				8A4E32381BA009450087F0E9 /* Pohr_Test */,
				8A4E32581BA009450087F0E9 /* Pohr_TestTests */,
				8A4E32371BA009450087F0E9 /* Products */,
			);
			sourceTree = "<group>";
		};
		8A4E32371BA009450087F0E9 /* Products */ = {
			isa = PBXGroup;
			children = (
				8A4E32361BA009450087F0E9 /* Pohr_Test.app */,
				8A4E32551BA009450087F0E9 /* Pohr_TestTests.xctest */,
			);
			name = Products;
			sourceTree = "<group>";
		};
		8A4E32381BA009450087F0E9 /* Pohr_Test */ = {
			isa = PBXGroup;
			children = (
				8A4E323D1BA009450087F0E9 /* AppDelegate.h */,
				8A4E323E1BA009450087F0E9 /* AppDelegate.m */,
				8A4E32431BA009450087F0E9 /* MasterViewController.h */,
				8A4E32441BA009450087F0E9 /* MasterViewController.m */,
				8A4E32461BA009450087F0E9 /* DetailViewController.h */,
				8A4E32471BA009450087F0E9 /* DetailViewController.m */,
				8A4E32491BA009450087F0E9 /* Main.storyboard */,
				8A4E324C1BA009450087F0E9 /* Images.xcassets */,
				8A4E324E1BA009450087F0E9 /* LaunchScreen.xib */,
				8A4E32401BA009450087F0E9 /* Pohr_Test.xcdatamodeld */,
				8A4E32391BA009450087F0E9 /* Supporting Files */,
			);
			path = Pohr_Test;
			sourceTree = "<group>";
		};
		8A4E32391BA009450087F0E9 /* Supporting Files */ = {
			isa = PBXGroup;
			children = (
				8A4E323A1BA009450087F0E9 /* Info.plist */,
				8A4E323B1BA009450087F0E9 /* main.m */,
			);
			name = "Supporting Files";
			sourceTree = "<group>";
		};
		8A4E32581BA009450087F0E9 /* Pohr_TestTests */ = {
			isa = PBXGroup;
			children = (
				8A4E325B1BA009450087F0E9 /* Pohr_TestTests.m */,
				8A4E32591BA009450087F0E9 /* Supporting Files */,
			);
			path = Pohr_TestTests;
			sourceTree = "<group>";
		};
		8A4E32591BA009450087F0E9 /* Supporting Files */ = {
			isa = PBXGroup;
			children = (
				8A4E325A1BA009450087F0E9 /* Info.plist */,
			);
			name = "Supporting Files";
			sourceTree = "<group>";
		};
/* End PBXGroup section */

/* Begin PBXNativeTarget section */
		8A4E32351BA009450087F0E9 /* Pohr_Test */ = {
			isa = PBXNativeTarget;
			buildConfigurationList = 8A4E325F1BA009450087F0E9 /* Build configuration list for PBXNativeTarget "Pohr_Test" */;
			buildPhases = (
				8A4E32321BA009450087F0E9 /* Sources */,
				8A4E32331BA009450087F0E9 /* Frameworks */,
				8A4E32341BA009450087F0E9 /* Resources */,
			);
			buildRules = (
			);
			dependencies = (
			);
			name = Pohr_Test;
			productName = Pohr_Test;
			productReference = 8A4E32361BA009450087F0E9 /* Pohr_Test.app */;
			productType = "com.apple.product-type.application";
		};
		8A4E32541BA009450087F0E9 /* Pohr_TestTests */ = {
			isa = PBXNativeTarget;
			buildConfigurationList = 8A4E32621BA009450087F0E9 /* Build configuration list for PBXNativeTarget "Pohr_TestTests" */;
			buildPhases = (
				8A4E32511BA009450087F0E9 /* Sources */,
				8A4E32521BA009450087F0E9 /* Frameworks */,
				8A4E32531BA009450087F0E9 /* Resources */,
			);
			buildRules = (
			);
			dependencies = (
				8A4E32571BA009450087F0E9 /* PBXTargetDependency */,
			);
			name = Pohr_TestTests;
			productName = Pohr_TestTests;
			productReference = 8A4E32551BA009450087F0E9 /* Pohr_TestTests.xctest */;
			productType = "com.apple.product-type.bundle.unit-test";
		};
/* End PBXNativeTarget section */

/* Begin PBXProject section */
		8A4E322E1BA009450087F0E9 /* Project object */ = {
			isa = PBXProject;
			attributes = {
				LastUpgradeCheck = 0640;
				ORGANIZATIONNAME = "夏敏";
				TargetAttributes = {
					8A4E32351BA009450087F0E9 = {
						CreatedOnToolsVersion = 6.4;
					};
					8A4E32541BA009450087F0E9 = {
						CreatedOnToolsVersion = 6.4;
						TestTargetID = 8A4E32351BA009450087F0E9;
					};
				};
			};
			buildConfigurationList = 8A4E32311BA009450087F0E9 /* Build configuration list for PBXProject "Pohr_Test" */;
			compatibilityVersion = "Xcode 3.2";
			developmentRegion = English;
			hasScannedForEncodings = 0;
			knownRegions = (
				en,
				Base,
			);
			mainGroup = 8A4E322D1BA009450087F0E9;
			productRefGroup = 8A4E32371BA009450087F0E9 /* Products */;
			projectDirPath = "";
			projectRoot = "";
			targets = (
				8A4E32351BA009450087F0E9 /* Pohr_Test */,
				8A4E32541BA009450087F0E9 /* Pohr_TestTests */,
			);
		};
/* End PBXProject section */

/* Begin PBXResourcesBuildPhase section */
		8A4E32341BA009450087F0E9 /* Resources */ = {
			isa = PBXResourcesBuildPhase;
			buildActionMask = 2147483647;
			files = (
				8A4E324B1BA009450087F0E9 /* Main.storyboard in Resources */,
				8A4E32501BA009450087F0E9 /* LaunchScreen.xib in Resources */,
				8A4E324D1BA009450087F0E9 /* Images.xcassets in Resources */,
			);
			runOnlyForDeploymentPostprocessing = 0;
		};
		8A4E32531BA009450087F0E9 /* Resources */ = {
			isa = PBXResourcesBuildPhase;
			buildActionMask = 2147483647;
			files = (
			);
			runOnlyForDeploymentPostprocessing = 0;
		};
/* End PBXResourcesBuildPhase section */

/* Begin PBXSourcesBuildPhase section */
		8A4E32321BA009450087F0E9 /* Sources */ = {
			isa = PBXSourcesBuildPhase;
			buildActionMask = 2147483647;
			files = (
				8A4E32481BA009450087F0E9 /* DetailViewController.m in Sources */,
				8A4E32451BA009450087F0E9 /* MasterViewController.m in Sources */,
				8A4E323F1BA009450087F0E9 /* AppDelegate.m in Sources */,
				8A4E323C1BA009450087F0E9 /* main.m in Sources */,
				8A4E32421BA009450087F0E9 /* Pohr_Test.xcdatamodeld in Sources */,
			);
			runOnlyForDeploymentPostprocessing = 0;
		};
		8A4E32511BA009450087F0E9 /* Sources */ = {
			isa = PBXSourcesBuildPhase;
			buildActionMask = 2147483647;
			files = (
				8A4E325C1BA009450087F0E9 /* Pohr_TestTests.m in Sources */,
			);
			runOnlyForDeploymentPostprocessing = 0;
		};
/* End PBXSourcesBuildPhase section */

/* Begin PBXTargetDependency section */
		8A4E32571BA009450087F0E9 /* PBXTargetDependency */ = {
			isa = PBXTargetDependency;
			target = 8A4E32351BA009450087F0E9 /* Pohr_Test */;
			targetProxy = 8A4E32561BA009450087F0E9 /* PBXContainerItemProxy */;
		};
/* End PBXTargetDependency section */

/* Begin PBXVariantGroup section */
		8A4E32491BA009450087F0E9 /* Main.storyboard */ = {
			isa = PBXVariantGroup;
			children = (
				8A4E324A1BA009450087F0E9 /* Base */,
			);
			name = Main.storyboard;
			sourceTree = "<group>";
		};
		8A4E324E1BA009450087F0E9 /* LaunchScreen.xib */ = {
			isa = PBXVariantGroup;
			children = (
				8A4E324F1BA009450087F0E9 /* Base */,
			);
			name = LaunchScreen.xib;
			sourceTree = "<group>";
		};
/* End PBXVariantGroup section */

/* Begin XCBuildConfiguration section */
		8A4E325D1BA009450087F0E9 /* Debug */ = {
			isa = XCBuildConfiguration;
			buildSettings = {
				ALWAYS_SEARCH_USER_PATHS = NO;
				CLANG_CXX_LANGUAGE_STANDARD = "gnu++0x";
				CLANG_CXX_LIBRARY = "libc++";
				CLANG_ENABLE_MODULES = YES;
				CLANG_ENABLE_OBJC_ARC = YES;
				CLANG_WARN_BOOL_CONVERSION = YES;
				CLANG_WARN_CONSTANT_CONVERSION = YES;
				CLANG_WARN_DIRECT_OBJC_ISA_USAGE = YES_ERROR;
				CLANG_WARN_EMPTY_BODY = YES;
				CLANG_WARN_ENUM_CONVERSION = YES;
				CLANG_WARN_INT_CONVERSION = YES;
				CLANG_WARN_OBJC_ROOT_CLASS = YES_ERROR;
				CLANG_WARN_UNREACHABLE_CODE = YES;
				CLANG_WARN__DUPLICATE_METHOD_MATCH = YES;
				"CODE_SIGN_IDENTITY[sdk=iphoneos*]" = "iPhone Developer";
				COPY_PHASE_STRIP = NO;
				DEBUG_INFORMATION_FORMAT = "dwarf-with-dsym";
				ENABLE_STRICT_OBJC_MSGSEND = YES;
				GCC_C_LANGUAGE_STANDARD = gnu99;
				GCC_DYNAMIC_NO_PIC = NO;
				GCC_NO_COMMON_BLOCKS = YES;
				GCC_OPTIMIZATION_LEVEL = 0;
				GCC_PREPROCESSOR_DEFINITIONS = (
					"DEBUG=1",
					"$(inherited)",
				);
				GCC_SYMBOLS_PRIVATE_EXTERN = NO;
				GCC_WARN_64_TO_32_BIT_CONVERSION = YES;
				GCC_WARN_ABOUT_RETURN_TYPE = YES_ERROR;
				GCC_WARN_UNDECLARED_SELECTOR = YES;
				GCC_WARN_UNINITIALIZED_AUTOS = YES_AGGRESSIVE;
				GCC_WARN_UNUSED_FUNCTION = YES;
				GCC_WARN_UNUSED_VARIABLE = YES;
				IPHONEOS_DEPLOYMENT_TARGET = 8.4;
				MTL_ENABLE_DEBUG_INFO = YES;
				ONLY_ACTIVE_ARCH = YES;
				SDKROOT = iphoneos;
			};
			name = Debug;
		};
		8A4E325E1BA009450087F0E9 /* Release */ = {
			isa = XCBuildConfiguration;
			buildSettings = {
				ALWAYS_SEARCH_USER_PATHS = NO;
				CLANG_CXX_LANGUAGE_STANDARD = "gnu++0x";
				CLANG_CXX_LIBRARY = "libc++";
				CLANG_ENABLE_MODULES = YES;
				CLANG_ENABLE_OBJC_ARC = YES;
				CLANG_WARN_BOOL_CONVERSION = YES;
				CLANG_WARN_CONSTANT_CONVERSION = YES;
				CLANG_WARN_DIRECT_OBJC_ISA_USAGE = YES_ERROR;
				CLANG_WARN_EMPTY_BODY = YES;
				CLANG_WARN_ENUM_CONVERSION = YES;
				CLANG_WARN_INT_CONVERSION = YES;
				CLANG_WARN_OBJC_ROOT_CLASS = YES_ERROR;
				CLANG_WARN_UNREACHABLE_CODE = YES;
				CLANG_WARN__DUPLICATE_METHOD_MATCH = YES;
				"CODE_SIGN_IDENTITY[sdk=iphoneos*]" = "iPhone Developer";
				COPY_PHASE_STRIP = NO;
				DEBUG_INFORMATION_FORMAT = "dwarf-with-dsym";
				ENABLE_NS_ASSERTIONS = NO;
				ENABLE_STRICT_OBJC_MSGSEND = YES;
				GCC_C_LANGUAGE_STANDARD = gnu99;
				GCC_NO_COMMON_BLOCKS = YES;
				GCC_WARN_64_TO_32_BIT_CONVERSION = YES;
				GCC_WARN_ABOUT_RETURN_TYPE = YES_ERROR;
				GCC_WARN_UNDECLARED_SELECTOR = YES;
				GCC_WARN_UNINITIALIZED_AUTOS = YES_AGGRESSIVE;
				GCC_WARN_UNUSED_FUNCTION = YES;
				GCC_WARN_UNUSED_VARIABLE = YES;
				IPHONEOS_DEPLOYMENT_TARGET = 8.4;
				MTL_ENABLE_DEBUG_INFO = NO;
				SDKROOT = iphoneos;
				VALIDATE_PRODUCT = YES;
			};
			name = Release;
		};
		8A4E32601BA009450087F0E9 /* Debug */ = {
			isa = XCBuildConfiguration;
			buildSettings = {
				ASSETCATALOG_COMPILER_APPICON_NAME = AppIcon;
				INFOPLIST_FILE = Pohr_Test/Info.plist;
				LD_RUNPATH_SEARCH_PATHS = "$(inherited) @executable_path/Frameworks";
				PRODUCT_NAME = "$(TARGET_NAME)";
			};
			name = Debug;
		};
		8A4E32611BA009450087F0E9 /* Release */ = {
			isa = XCBuildConfiguration;
			buildSettings = {
				ASSETCATALOG_COMPILER_APPICON_NAME = AppIcon;
				INFOPLIST_FILE = Pohr_Test/Info.plist;
				LD_RUNPATH_SEARCH_PATHS = "$(inherited) @executable_path/Frameworks";
				PRODUCT_NAME = "$(TARGET_NAME)";
			};
			name = Release;
		};
		8A4E32631BA009450087F0E9 /* Debug */ = {
			isa = XCBuildConfiguration;
			buildSettings = {
				BUNDLE_LOADER = "$(TEST_HOST)";
				FRAMEWORK_SEARCH_PATHS = (
					"$(SDKROOT)/Developer/Library/Frameworks",
					"$(inherited)",
				);
				GCC_PREPROCESSOR_DEFINITIONS = (
					"DEBUG=1",
					"$(inherited)",
				);
				INFOPLIST_FILE = Pohr_TestTests/Info.plist;
				LD_RUNPATH_SEARCH_PATHS = "$(inherited) @executable_path/Frameworks @loader_path/Frameworks";
				PRODUCT_NAME = "$(TARGET_NAME)";
				TEST_HOST = "$(BUILT_PRODUCTS_DIR)/Pohr_Test.app/Pohr_Test";
			};
			name = Debug;
		};
		8A4E32641BA009450087F0E9 /* Release */ = {
			isa = XCBuildConfiguration;
			buildSettings = {
				BUNDLE_LOADER = "$(TEST_HOST)";
				FRAMEWORK_SEARCH_PATHS = (
					"$(SDKROOT)/Developer/Library/Frameworks",
					"$(inherited)",
				);
				INFOPLIST_FILE = Pohr_TestTests/Info.plist;
				LD_RUNPATH_SEARCH_PATHS = "$(inherited) @executable_path/Frameworks @loader_path/Frameworks";
				PRODUCT_NAME = "$(TARGET_NAME)";
				TEST_HOST = "$(BUILT_PRODUCTS_DIR)/Pohr_Test.app/Pohr_Test";
			};
			name = Release;
		};
/* End XCBuildConfiguration section */

/* Begin XCConfigurationList section */
		8A4E32311BA009450087F0E9 /* Build configuration list for PBXProject "Pohr_Test" */ = {
			isa = XCConfigurationList;
			buildConfigurations = (
				8A4E325D1BA009450087F0E9 /* Debug */,
				8A4E325E1BA009450087F0E9 /* Release */,
			);
			defaultConfigurationIsVisible = 0;
			defaultConfigurationName = Release;
		};
		8A4E325F1BA009450087F0E9 /* Build configuration list for PBXNativeTarget "Pohr_Test" */ = {
			isa = XCConfigurationList;
			buildConfigurations = (
				8A4E32601BA009450087F0E9 /* Debug */,
				8A4E32611BA009450087F0E9 /* Release */,
			);
			defaultConfigurationIsVisible = 0;
		};
		8A4E32621BA009450087F0E9 /* Build configuration list for PBXNativeTarget "Pohr_TestTests" */ = {
			isa = XCConfigurationList;
			buildConfigurations = (
				8A4E32631BA009450087F0E9 /* Debug */,
				8A4E32641BA009450087F0E9 /* Release */,
			);
			defaultConfigurationIsVisible = 0;
		};
/* End XCConfigurationList section */

/* Begin XCVersionGroup section */
		8A4E32401BA009450087F0E9 /* Pohr_Test.xcdatamodeld */ = {
			isa = XCVersionGroup;
			children = (
				8A4E32411BA009450087F0E9 /* Pohr_Test.xcdatamodel */,
			);
			currentVersion = 8A4E32411BA009450087F0E9 /* Pohr_Test.xcdatamodel */;
			path = Pohr_Test.xcdatamodeld;
			sourceTree = "<group>";
			versionGroupType = wrapper.xcdatamodel;
		};
/* End XCVersionGroup section */
	};
	rootObject = 8A4E322E1BA009450087F0E9 /* Project object */;
}
